
Microsoft Visual Studio Solution File, Format Version 12.00
# Visual Studio 15
VisualStudioVersion = 15.0.28010.2048
MinimumVisualStudioVersion = 10.0.40219.1
Project("{FAE04EC0-301F-11D3-BF4B-00C04F79EFBC}") = "Exam_Master_SutterlinKleinclaus_EditeurMap", "Exam_Master_SutterlinKleinclaus_EditeurMap\Exam_Master_SutterlinKleinclaus_EditeurMap.csproj", "{F568425E-ED19-4A5D-94CD-1924EC16DB48}"
EndProject
Global
	GlobalSection(SolutionConfigurationPlatforms) = preSolution
		Debug|Any CPU = Debug|Any CPU
		Release|Any CPU = Release|Any CPU
	EndGlobalSection
	GlobalSection(ProjectConfigurationPlatforms) = postSolution
		{F568425E-ED19-4A5D-94CD-1924EC16DB48}.Debug|Any CPU.ActiveCfg = Debug|Any CPU
		{F568425E-ED19-4A5D-94CD-1924EC16DB48}.Debug|Any CPU.Build.0 = Debug|Any CPU
		{F568425E-ED19-4A5D-94CD-1924EC16DB48}.Release|Any CPU.ActiveCfg = Release|Any CPU
		{F568425E-ED19-4A5D-94CD-1924EC16DB48}.Release|Any CPU.Build.0 = Release|Any CPU
	EndGlobalSection
	GlobalSection(SolutionProperties) = preSolution
		HideSolutionNode = FALSE
	EndGlobalSection
	GlobalSection(ExtensibilityGlobals) = postSolution
		SolutionGuid = {5376121C-331C-47FA-8AF6-11E0633C3D9B}
	EndGlobalSection
EndGlobal
